# This file is automatically @generated by Cargo.
# It is not intended for manual editing.
version = 4

[[package]]
name = "cfg-if"
version = "1.0.4"
source = "registry+https://github.com/rust-lang/crates.io-index"
checksum = "9330f8b2ff13f34540b44e946ef35111825727b38d33286ef986142615121801"

[[package]]
name = "framework_tests"
version = "0.1.0"
dependencies = [
 "rustdv",
 "rustdv-vpi-stubs",
]

[[package]]
name = "libloading"
version = "0.8.9"
source = "registry+https://github.com/rust-lang/crates.io-index"
checksum = "d7c4b02199fee7c5d21a5ae7d8cfa79a6ef5bb2fc834d6e9058e89c825efdc55"
dependencies = [
 "cfg-if",
 "windows-link",
]

[[package]]
name = "rustdv"
version = "0.1.1"
dependencies = [
 "rustdv-gpi",
 "rustdv-macros",
 "rustdv-methodology",
 "rustdv-runner",
 "rustdv-sim",
]

[[package]]
name = "rustdv-gpi"
version = "0.1.0"
dependencies = [
 "rustdv-gpi-sys",
 "rustdv-vpi-stubs",
]

[[package]]
name = "rustdv-gpi-sys"
version = "0.1.0"

[[package]]
name = "rustdv-macros"
version = "0.1.0"

[[package]]
name = "rustdv-methodology"
version = "0.1.0"
dependencies = [
 "rustdv-sim",
 "rustdv-vpi-stubs",
]

[[package]]
name = "rustdv-runner"
version = "0.1.0"
dependencies = [
 "rustdv-gpi",
 "rustdv-methodology",
 "rustdv-sim",
]

[[package]]
name = "rustdv-sim"
version = "0.1.0"
dependencies = [
 "libloading",
 "rustdv-gpi",
 "rustdv-vpi-stubs",
]

[[package]]
name = "rustdv-vpi-stubs"
version = "0.1.0"

[[package]]
name = "tinyalu_tb"
version = "0.1.0"
dependencies = [
 "rustdv",
 "rustdv-vpi-stubs",
]

[[package]]
name = "windows-link"
version = "0.2.1"
source = "registry+https://github.com/rust-lang/crates.io-index"
checksum = "f0805222e57f7521d6a62e36fa9163bc891acd422f971defe97d64e70d0a4fe5"
